
Microsoft Visual Studio Solution File, Format Version 12.00
# Visual Studio 15
VisualStudioVersion = 15.0.28010.2048
MinimumVisualStudioVersion = 10.0.40219.1
Project("{FAE04EC0-301F-11D3-BF4B-00C04F79EFBC}") = "TestApp", "TestAoo\TestApp.csproj", "{DF4F2811-4F27-4478-886A-B9EA0CC22802}"
EndProject
Global
	GlobalSection(SolutionConfigurationPlatforms) = preSolution
		Debug|Any CPU = Debug|Any CPU
		Release|Any CPU = Release|Any CPU
	EndGlobalSection
	GlobalSection(ProjectConfigurationPlatforms) = postSolution
		{DF4F2811-4F27-4478-886A-B9EA0CC22802}.Debug|Any CPU.ActiveCfg = Debug|Any CPU
		{DF4F2811-4F27-4478-886A-B9EA0CC22802}.Debug|Any CPU.Build.0 = Debug|Any CPU
		{DF4F2811-4F27-4478-886A-B9EA0CC22802}.Release|Any CPU.ActiveCfg = Release|Any CPU
		{DF4F2811-4F27-4478-886A-B9EA0CC22802}.Release|Any CPU.Build.0 = Release|Any CPU
	EndGlobalSection
	GlobalSection(SolutionProperties) = preSolution
		HideSolutionNode = FALSE
	EndGlobalSection
	GlobalSection(ExtensibilityGlobals) = postSolution
		SolutionGuid = {B442AA0E-364F-4403-BBDA-C956804C7FC8}
	EndGlobalSection
EndGlobal
